
Microsoft Visual Studio Solution File, Format Version 12.00
# Visual Studio 15
VisualStudioVersion = 15.0.27130.2010
MinimumVisualStudioVersion = 10.0.40219.1
Project("{FAE04EC0-301F-11D3-BF4B-00C04F79EFBC}") = "LiteDbTest", "LiteDbTest\LiteDbTest.csproj", "{0C944D90-3499-453C-9638-2D46978595AD}"
EndProject
Project("{FAE04EC0-301F-11D3-BF4B-00C04F79EFBC}") = "LiteDbConsoleApp", "LiteDbConsoleApp\LiteDbConsoleApp.csproj", "{40AFE1C0-68BF-469F-BEEF-C945EB3585E5}"
EndProject
Global
	GlobalSection(SolutionConfigurationPlatforms) = preSolution
		Debug|Any CPU = Debug|Any CPU
		Release|Any CPU = Release|Any CPU
	EndGlobalSection
	GlobalSection(ProjectConfigurationPlatforms) = postSolution
		{0C944D90-3499-453C-9638-2D46978595AD}.Debug|Any CPU.ActiveCfg = Debug|Any CPU
		{0C944D90-3499-453C-9638-2D46978595AD}.Debug|Any CPU.Build.0 = Debug|Any CPU
		{0C944D90-3499-453C-9638-2D46978595AD}.Release|Any CPU.ActiveCfg = Release|Any CPU
		{0C944D90-3499-453C-9638-2D46978595AD}.Release|Any CPU.Build.0 = Release|Any CPU
		{40AFE1C0-68BF-469F-BEEF-C945EB3585E5}.Debug|Any CPU.ActiveCfg = Debug|Any CPU
		{40AFE1C0-68BF-469F-BEEF-C945EB3585E5}.Debug|Any CPU.Build.0 = Debug|Any CPU
		{40AFE1C0-68BF-469F-BEEF-C945EB3585E5}.Release|Any CPU.ActiveCfg = Release|Any CPU
		{40AFE1C0-68BF-469F-BEEF-C945EB3585E5}.Release|Any CPU.Build.0 = Release|Any CPU
	EndGlobalSection
	GlobalSection(SolutionProperties) = preSolution
		HideSolutionNode = FALSE
	EndGlobalSection
	GlobalSection(ExtensibilityGlobals) = postSolution
		SolutionGuid = {95327173-1FB0-4C50-8F76-C6505F9758EF}
	EndGlobalSection
EndGlobal
